
Microsoft Visual Studio Solution File, Format Version 12.00
# Visual Studio Version 17
VisualStudioVersion = 17.0.31903.59
MinimumVisualStudioVersion = 10.0.40219.1
Project("{FAE04EC0-301F-11D3-BF4B-00C04F79EFBC}") = "Dominio", "Dominio\Dominio.csproj", "{0529EE2A-51A4-4084-B46F-F74E00B5663D}"
EndProject
Project("{FAE04EC0-301F-11D3-BF4B-00C04F79EFBC}") = "Testes", "Testes\Testes.csproj", "{97E094BB-24D4-43F8-8A79-ABC4DE66BA16}"
EndProject
Global
	GlobalSection(SolutionConfigurationPlatforms) = preSolution
		Debug|Any CPU = Debug|Any CPU
		Release|Any CPU = Release|Any CPU
	EndGlobalSection
	GlobalSection(SolutionProperties) = preSolution
		HideSolutionNode = FALSE
	EndGlobalSection
	GlobalSection(ProjectConfigurationPlatforms) = postSolution
		{0529EE2A-51A4-4084-B46F-F74E00B5663D}.Debug|Any CPU.ActiveCfg = Debug|Any CPU
		{0529EE2A-51A4-4084-B46F-F74E00B5663D}.Debug|Any CPU.Build.0 = Debug|Any CPU
		{0529EE2A-51A4-4084-B46F-F74E00B5663D}.Release|Any CPU.ActiveCfg = Release|Any CPU
		{0529EE2A-51A4-4084-B46F-F74E00B5663D}.Release|Any CPU.Build.0 = Release|Any CPU
		{97E094BB-24D4-43F8-8A79-ABC4DE66BA16}.Debug|Any CPU.ActiveCfg = Debug|Any CPU
		{97E094BB-24D4-43F8-8A79-ABC4DE66BA16}.Debug|Any CPU.Build.0 = Debug|Any CPU
		{97E094BB-24D4-43F8-8A79-ABC4DE66BA16}.Release|Any CPU.ActiveCfg = Release|Any CPU
		{97E094BB-24D4-43F8-8A79-ABC4DE66BA16}.Release|Any CPU.Build.0 = Release|Any CPU
	EndGlobalSection
EndGlobal
